{
  "pins" : [
    {
      "identity" : "static-libgit2",
      "kind" : "remoteSourceControl",
      "location" : "https://github.com/bdewey/static-libgit2",
      "state" : {
        "revision" : "ca2b13cb2cd04365c9416803c1d7e26116b23efd",
        "version" : "0.5.0"
      }
    },
    {
      "identity" : "swift-log",
      "kind" : "remoteSourceControl",
      "location" : "https://github.com/apple/swift-log.git",
      "state" : {
        "revision" : "5d66f7ba25daf4f94100e7022febf3c75e37a6c7",
        "version" : "1.4.2"
      }
    }
  ],
  "version" : 2
}
